<Solution>
  <Folder Name="/Tests/">
    <Project Path="TestBase/TestBase.csproj" />
  </Folder>
  <Project Path="AppHost/AppHost.csproj" Id="0734a735-3b68-4639-8d24-7631bc7ad6c5" />
  <Project Path="RedisFlow.Core/RedisFlow.Core.csproj" Id="f38e4a83-a7dc-4799-b77c-6880d09cff40" />
  <Project Path="RedisFlow.Domain/RedisFlow.Domain.csproj" />
</Solution>
